
Microsoft Visual Studio Solution File, Format Version 12.00
# Visual Studio 14
VisualStudioVersion = 14.0.25420.1
MinimumVisualStudioVersion = 10.0.40219.1
Project("{FAE04EC0-301F-11D3-BF4B-00C04F79EFBC}") = "Quanlibansach", "Quanlibansach\Quanlibansach.csproj", "{8A57A5D5-82BF-48C6-8BB8-6B1672CB879F}"
EndProject
Project("{FAE04EC0-301F-11D3-BF4B-00C04F79EFBC}") = "QLTT1", "..\QLTT\QLTT1\QLTT1.csproj", "{7CFF1ABA-0F75-471E-BB3D-B633BEAC7957}"
EndProject
Project("{FAE04EC0-301F-11D3-BF4B-00C04F79EFBC}") = "TuongTacWebservice", "..\..\..\..\Downloads\C#\C#\TuongTacWebservice\TuongTacWebservice\TuongTacWebservice.csproj", "{4DC6C8C4-A55F-4160-AD09-70BF7A1F892C}"
EndProject
Global
	GlobalSection(SolutionConfigurationPlatforms) = preSolution
		Debug|Any CPU = Debug|Any CPU
		Release|Any CPU = Release|Any CPU
	EndGlobalSection
	GlobalSection(ProjectConfigurationPlatforms) = postSolution
		{8A57A5D5-82BF-48C6-8BB8-6B1672CB879F}.Debug|Any CPU.ActiveCfg = Debug|Any CPU
		{8A57A5D5-82BF-48C6-8BB8-6B1672CB879F}.Debug|Any CPU.Build.0 = Debug|Any CPU
		{8A57A5D5-82BF-48C6-8BB8-6B1672CB879F}.Release|Any CPU.ActiveCfg = Release|Any CPU
		{8A57A5D5-82BF-48C6-8BB8-6B1672CB879F}.Release|Any CPU.Build.0 = Release|Any CPU
		{7CFF1ABA-0F75-471E-BB3D-B633BEAC7957}.Debug|Any CPU.ActiveCfg = Debug|Any CPU
		{7CFF1ABA-0F75-471E-BB3D-B633BEAC7957}.Debug|Any CPU.Build.0 = Debug|Any CPU
		{7CFF1ABA-0F75-471E-BB3D-B633BEAC7957}.Release|Any CPU.ActiveCfg = Release|Any CPU
		{7CFF1ABA-0F75-471E-BB3D-B633BEAC7957}.Release|Any CPU.Build.0 = Release|Any CPU
		{4DC6C8C4-A55F-4160-AD09-70BF7A1F892C}.Debug|Any CPU.ActiveCfg = Debug|Any CPU
		{4DC6C8C4-A55F-4160-AD09-70BF7A1F892C}.Debug|Any CPU.Build.0 = Debug|Any CPU
		{4DC6C8C4-A55F-4160-AD09-70BF7A1F892C}.Release|Any CPU.ActiveCfg = Release|Any CPU
		{4DC6C8C4-A55F-4160-AD09-70BF7A1F892C}.Release|Any CPU.Build.0 = Release|Any CPU
	EndGlobalSection
	GlobalSection(SolutionProperties) = preSolution
		HideSolutionNode = FALSE
	EndGlobalSection
EndGlobal
